PODS:
  - Alamofire (4.8.2)
  - IQKeyboardManagerSwift (6.4.0)
  - NVActivityIndicatorView (4.7.0):
    - NVActivityIndicatorView/Presenter (= 4.7.0)
  - NVActivityIndicatorView/Presenter (4.7.0)

DEPENDENCIES:
  - Alamofire
  - IQKeyboardManagerSwift
  - NVActivityIndicatorView

SPEC REPOS:
  https://github.com/cocoapods/specs.git:
    - Alamofire
    - IQKeyboardManagerSwift
    - NVActivityIndicatorView

SPEC CHECKSUMS:
  Alamofire: ae5c501addb7afdbb13687d7f2f722c78734c2d3
  IQKeyboardManagerSwift: ed9b04ee0e3067ffba543283462d619f944b05e5
  NVActivityIndicatorView: b19ddab2576f805cbe0fb2306cba3476e09a1dea

PODFILE CHECKSUM: 3f55ab2204c7ee5a82c1f002adaebb91c48a664c

COCOAPODS: 1.5.2
